
Microsoft Visual Studio Solution File, Format Version 12.00
# Visual Studio 15
VisualStudioVersion = 15.0.28307.421
MinimumVisualStudioVersion = 10.0.40219.1
Project("{FAE04EC0-301F-11D3-BF4B-00C04F79EFBC}") = "MandarinNews", "MandarinNews\MandarinNews.csproj", "{EDC9A8BD-C10A-4845-8A5B-61F0EE6E649B}"
EndProject
Project("{54435603-DBB4-11D2-8724-00A0C9A8B90C}") = "SetupMandarinNews", "..\..\..\..\..\SetupMandarinNews\SetupMandarinNews\SetupMandarinNews.vdproj", "{A382295A-4DC7-43AC-B5D8-B31D1381013C}"
EndProject
Global
	GlobalSection(SolutionConfigurationPlatforms) = preSolution
		Debug|Any CPU = Debug|Any CPU
		Debug|x32 = Debug|x32
		Debug|x64 = Debug|x64
		Debug|x86 = Debug|x86
		Release|Any CPU = Release|Any CPU
		Release|x32 = Release|x32
		Release|x64 = Release|x64
		Release|x86 = Release|x86
	EndGlobalSection
	GlobalSection(ProjectConfigurationPlatforms) = postSolution
		{EDC9A8BD-C10A-4845-8A5B-61F0EE6E649B}.Debug|Any CPU.ActiveCfg = Debug|Any CPU
		{EDC9A8BD-C10A-4845-8A5B-61F0EE6E649B}.Debug|Any CPU.Build.0 = Debug|Any CPU
		{EDC9A8BD-C10A-4845-8A5B-61F0EE6E649B}.Debug|x32.ActiveCfg = Debug|Any CPU
		{EDC9A8BD-C10A-4845-8A5B-61F0EE6E649B}.Debug|x32.Build.0 = Debug|Any CPU
		{EDC9A8BD-C10A-4845-8A5B-61F0EE6E649B}.Debug|x64.ActiveCfg = Debug|Any CPU
		{EDC9A8BD-C10A-4845-8A5B-61F0EE6E649B}.Debug|x64.Build.0 = Debug|Any CPU
		{EDC9A8BD-C10A-4845-8A5B-61F0EE6E649B}.Debug|x86.ActiveCfg = Debug|x86
		{EDC9A8BD-C10A-4845-8A5B-61F0EE6E649B}.Debug|x86.Build.0 = Debug|x86
		{EDC9A8BD-C10A-4845-8A5B-61F0EE6E649B}.Release|Any CPU.ActiveCfg = Release|x64
		{EDC9A8BD-C10A-4845-8A5B-61F0EE6E649B}.Release|Any CPU.Build.0 = Release|x64
		{EDC9A8BD-C10A-4845-8A5B-61F0EE6E649B}.Release|x32.ActiveCfg = Release|x86
		{EDC9A8BD-C10A-4845-8A5B-61F0EE6E649B}.Release|x32.Build.0 = Release|x86
		{EDC9A8BD-C10A-4845-8A5B-61F0EE6E649B}.Release|x64.ActiveCfg = Release|x64
		{EDC9A8BD-C10A-4845-8A5B-61F0EE6E649B}.Release|x64.Build.0 = Release|x64
		{EDC9A8BD-C10A-4845-8A5B-61F0EE6E649B}.Release|x86.ActiveCfg = Release|x86
		{EDC9A8BD-C10A-4845-8A5B-61F0EE6E649B}.Release|x86.Build.0 = Release|x86
		{A382295A-4DC7-43AC-B5D8-B31D1381013C}.Debug|Any CPU.ActiveCfg = Debug
		{A382295A-4DC7-43AC-B5D8-B31D1381013C}.Debug|Any CPU.Build.0 = Debug
		{A382295A-4DC7-43AC-B5D8-B31D1381013C}.Debug|x32.ActiveCfg = Debug
		{A382295A-4DC7-43AC-B5D8-B31D1381013C}.Debug|x32.Build.0 = Debug
		{A382295A-4DC7-43AC-B5D8-B31D1381013C}.Debug|x64.ActiveCfg = Debug
		{A382295A-4DC7-43AC-B5D8-B31D1381013C}.Debug|x64.Build.0 = Debug
		{A382295A-4DC7-43AC-B5D8-B31D1381013C}.Debug|x86.ActiveCfg = Debug
		{A382295A-4DC7-43AC-B5D8-B31D1381013C}.Debug|x86.Build.0 = Debug
		{A382295A-4DC7-43AC-B5D8-B31D1381013C}.Release|Any CPU.ActiveCfg = Release
		{A382295A-4DC7-43AC-B5D8-B31D1381013C}.Release|Any CPU.Build.0 = Release
		{A382295A-4DC7-43AC-B5D8-B31D1381013C}.Release|x32.ActiveCfg = Release
		{A382295A-4DC7-43AC-B5D8-B31D1381013C}.Release|x32.Build.0 = Release
		{A382295A-4DC7-43AC-B5D8-B31D1381013C}.Release|x64.ActiveCfg = Release
		{A382295A-4DC7-43AC-B5D8-B31D1381013C}.Release|x64.Build.0 = Release
		{A382295A-4DC7-43AC-B5D8-B31D1381013C}.Release|x86.ActiveCfg = Release
		{A382295A-4DC7-43AC-B5D8-B31D1381013C}.Release|x86.Build.0 = Release
	EndGlobalSection
	GlobalSection(SolutionProperties) = preSolution
		HideSolutionNode = FALSE
	EndGlobalSection
	GlobalSection(ExtensibilityGlobals) = postSolution
		SolutionGuid = {C5AF8CBB-7DC0-4AF7-B36B-2AD61BF08AD1}
	EndGlobalSection
EndGlobal
